
Microsoft Visual Studio Solution File, Format Version 12.00
# Visual Studio Version 17
VisualStudioVersion = 17.0.32112.339
MinimumVisualStudioVersion = 10.0.40219.1
Project("{FAE04EC0-301F-11D3-BF4B-00C04F79EFBC}") = "Client", "Client.csproj", "{E3442E2E-1402-4945-978B-C1A16958031E}"
EndProject
Global
	GlobalSection(SolutionConfigurationPlatforms) = preSolution
		Debug|Any CPU = Debug|Any CPU
		Release|Any CPU = Release|Any CPU
	EndGlobalSection
	GlobalSection(ProjectConfigurationPlatforms) = postSolution
		{E3442E2E-1402-4945-978B-C1A16958031E}.Debug|Any CPU.ActiveCfg = Debug|Any CPU
		{E3442E2E-1402-4945-978B-C1A16958031E}.Debug|Any CPU.Build.0 = Debug|Any CPU
		{E3442E2E-1402-4945-978B-C1A16958031E}.Release|Any CPU.ActiveCfg = Release|Any CPU
		{E3442E2E-1402-4945-978B-C1A16958031E}.Release|Any CPU.Build.0 = Release|Any CPU
	EndGlobalSection
	GlobalSection(SolutionProperties) = preSolution
		HideSolutionNode = FALSE
	EndGlobalSection
	GlobalSection(ExtensibilityGlobals) = postSolution
		SolutionGuid = {8C2F259C-A8EE-4231-BFDE-1EFDD9A315F8}
	EndGlobalSection
EndGlobal
